github.com/andreykaipov/goobs v1.8.2 h1:jOWjFdSOZ5R4b6U+/30k4OhkqaN847gzHX4IKFsagaw=
github.com/andreykaipov/goobs v1.8.2/go.mod h1:4Dl/G+rQXCywV85hdAKwsj8h352KsfILP+QUB1FvRSc=
github.com/buger/jsonparser v1.1.1 h1:2PnMjfWD7wBILjqQbt530v576A/cAbQvEW9gGIpYMUs=
github.com/buger/jsonparser v1.1.1/go.mod h1:6RYKKt7H4d4+iWqouImQ9R2FZql3VbhNgx27UK13J/0=
github.com/danielgtaylor/huma/v2 v2.37.2 h1:Nf9vjy2sxBJFaupPlthXL/Hy2+LurfVbaKHmCMEI7xE=
github.com/danielgtaylor/huma/v2 v2.37.2/go.mod h1:95S04G/lExFRYlBkKaBaZm9lVmxRmqX9f2CgoOZ11AM=
github.com/davecgh/go-spew v1.1.0/go.mod h1:J7Y8YcW2NihsgmVo/mv3lAwl/skON4iLHjSsI+c5H38=
github.com/davecgh/go-spew v1.1.1 h1:vj9j/u1bqnvCEfJOwUhtlOARqs3+rkHYY13jYWTU97c=
github.com/davecgh/go-spew v1.1.1/go.mod h1:J7Y8YcW2NihsgmVo/mv3lAwl/skON4iLHjSsI+c5H38=
github.com/fxamacker/cbor/v2 v2.9.0 h1:NpKPmjDBgUfBms6tr6JZkTHtfFGcMKsw3eGcmD/sapM=
github.com/fxamacker/cbor/v2 v2.9.0/go.mod h1:vM4b+DJCtHn+zz7h3FFp/hDAI9WNWCsZj23V5ytsSxQ=
github.com/go-ole/go-ole v1.2.6 h1:/Fpf6oFPoeFik9ty7siob0G6Ke8QvQEuVcuChpwXzpY=
github.com/go-ole/go-ole v1.2.6/go.mod h1:pprOEPIfldk/42T2oK7lQ4v4JSDwmV0As9GaiUsvbm0=
github.com/godbus/dbus/v5 v5.1.0 h1:4KLkAxT3aOY8Li4FRJe/KvhoNFFxo0m6fNuFUO8QJUk=
github.com/godbus/dbus/v5 v5.1.0/go.mod h1:xhWf0FNVPg57R7Z0UbKHbJfkEywrmjJnf7w5xrFpKfA=
github.com/google/uuid v1.6.0 h1:NIvaJDMOsjHA8n1jAhLSgzrAzy1Hgr+hNrb57e+94F0=
github.com/google/uuid v1.6.0/go.mod h1:TIyPZe4MgqvfeYDBFedMoGGpEw/LqOeaOT+nhxU+yHo=
github.com/gorilla/websocket v1.5.3 h1:saDtZ6Pbx/0u+bgYQ3q96pZgCzfhKXGPqt7kZ72aNNg=
github.com/gorilla/websocket v1.5.3/go.mod h1:YR8l580nyteQvAITg2hZ9XVh4b55+EU/adAjf1fMHhE=
github.com/hashicorp/logutils v1.0.0 h1:dLEQVugN8vlakKOUE3ihGLTZJRB4j+M2cdTm/ORI65Y=
github.com/hashicorp/logutils v1.0.0/go.mod h1:QIAnNjmIWmVIIkWDTG1z5v++HQmx9WQRO+LraFDTW64=
github.com/kelindar/event v1.5.2 h1:qtgssZqMh/QQMCIxlbx4wU3DoMHOrJXKdiZhphJ4YbY=
github.com/kelindar/event v1.5.2/go.mod h1:UxWPQjWK8u0o9Z3ponm2mgREimM95hm26/M9z8F488Q=
github.com/konsorten/go-windows-terminal-sequences v1.0.1/go.mod h1:T0+1ngSBFLxvqU3pZ+m/2kptfBszLMUkC4ZK/EgS/cQ=
github.com/mitchellh/mapstructure v1.5.0 h1:jeMsZIYE/09sWLaz43PL7Gy6RuMjD2eJVyuac5Z2hdY=
github.com/mitchellh/mapstructure v1.5.0/go.mod h1:bFUtVrKA4DC2yAKiSyO/QUcy7e+RRV2QTWOzhPopBRo=
github.com/mmcloughlin/profile v0.1.1 h1:jhDmAqPyebOsVDOCICJoINoLb/AnLBaUw58nFzxWS2w=
github.com/mmcloughlin/profile v0.1.1/go.mod h1:IhHD7q1ooxgwTgjxQYkACGA77oFTDdFVejUS1/tS/qU=
github.com/nu7hatch/gouuid v0.0.0-20131221200532-179d4d0c4d8d h1:VhgPp6v9qf9Agr/56bj7Y/xa04UccTW04VP0Qed4vnQ=
github.com/nu7hatch/gouuid v0.0.0-20131221200532-179d4d0c4d8d/go.mod h1:YUTz3bUH2ZwIWBy3CJBeOBEugqcmXREj14T+iG/4k4U=
github.com/pelletier/go-toml/v2 v2.2.4 h1:mye9XuhQ6gvn5h28+VilKrrPoQVanw5PMw/TB0t5Ec4=
github.com/pelletier/go-toml/v2 v2.2.4/go.mod h1:2gIqNv+qfxSVS7cM2xJQKtLSTLUE9V8t9Stt+h56mCY=
github.com/pmezard/go-difflib v1.0.0 h1:4DBwDE0NGyQoBHbLQYPwSUPoCMWR5BEzIk/f1lZbAQM=
github.com/pmezard/go-difflib v1.0.0/go.mod h1:iKH77koFhYxTK1pcRnkKkqfTogsbg7gZNVY4sRDYZ/4=
github.com/saltosystems/winrt-go v0.0.0-20240509164145-4f7860a3bd2b h1:du3zG5fd8snsFN6RBoLA7fpaYV9ZQIsyH9snlk2Zvik=
github.com/saltosystems/winrt-go v0.0.0-20240509164145-4f7860a3bd2b/go.mod h1:CIltaIm7qaANUIvzr0Vmz71lmQMAIbGJ7cvgzX7FMfA=
github.com/sirupsen/logrus v1.5.0/go.mod h1:+F7Ogzej0PZc/94MaYx/nvG9jOFMD2osvC3s+Squfpo=
github.com/sirupsen/logrus v1.9.3 h1:dueUQJ1C2q9oE3F7wvmSGAaVtTmUizReu6fjN8uqzbQ=
github.com/sirupsen/logrus v1.9.3/go.mod h1:naHLuLoDiP4jHNo9R0sCBMtWGeIprob74mVsIT4qYEQ=
github.com/soypat/cyw43439 v0.0.0-20250505012923-830110c8f4af h1:ZfFq94aH/BCSWWKd9RPUgdHOdgGKCnfl2VdvU9UksTA=
github.com/soypat/cyw43439 v0.0.0-20250505012923-830110c8f4af/go.mod h1:MUaGO5m6X7xrkHrPDmnaxCEcuCCFN/0ZFh9oie+exbU=
github.com/soypat/seqs v0.0.0-20250124201400-0d65bc7c1710 h1:Y9fBuiR/urFY/m76+SAZTxk2xAOS2n85f+H1CugajeA=
github.com/soypat/seqs v0.0.0-20250124201400-0d65bc7c1710/go.mod h1:oCVCNGCHMKoBj97Zp9znLbQ1nHxpkmOY9X+UAGzOxc8=
github.com/stretchr/objx v0.1.0/go.mod h1:HFkY916IF+rwdDfMAkV7OtwuqBVzrE8GR6GFx+wExME=
github.com/stretchr/testify v1.2.2/go.mod h1:a8OnRcib4nhh0OaRAV+Yts87kKdq0PP7pXfy6kDkUVs=
github.com/stretchr/testify v1.7.0/go.mod h1:6Fq8oRcR53rry900zMqJjRRixrwX3KX962/h/Wwjteg=
github.com/stretchr/testify v1.11.1 h1:7s2iGBzp5EwR7/aIZr8ao5+dra3wiQyKjjFuvgVKu7U=
github.com/stretchr/testify v1.11.1/go.mod h1:wZwfW3scLgRK+23gO65QZefKpKQRnfz6sD981Nm4B6U=
github.com/tinygo-org/cbgo v0.0.4 h1:3D76CRYbH03Rudi8sEgs/YO0x3JIMdyq8jlQtk/44fU=
github.com/tinygo-org/cbgo v0.0.4/go.mod h1:7+HgWIHd4nbAz0ESjGlJ1/v9LDU1Ox8MGzP9mah/fLk=
github.com/tinygo-org/pio v0.2.0 h1:vo3xa6xDZ2rVtxrks/KcTZHF3qq4lyWOntvEvl2pOhU=
github.com/tinygo-org/pio v0.2.0/go.mod h1:LU7Dw00NJ+N86QkeTGjMLNkYcEYMor6wTDpTCu0EaH8=
github.com/x448/float16 v0.8.4 h1:qLwI1I70+NjRFUR3zs1JPUCgaCXSh3SW62uAKT1mSBM=
github.com/x448/float16 v0.8.4/go.mod h1:14CWIYCyZA/cWjXOioeEpHeN/83MdbZDRQHoFcYsOfg=
golang.org/x/exp v0.0.0-20241204233417-43b7b7cde48d h1:0olWaB5pg3+oychR51GUVCEsGkeCU/2JxjBgIo4f3M0=
golang.org/x/exp v0.0.0-20241204233417-43b7b7cde48d/go.mod h1:qj5a5QZpwLU2NLQudwIN5koi3beDhSAlJwa67PuM98c=
golang.org/x/sys v0.0.0-20190422165155-953cdadca894/go.mod h1:h1NjWce9XRLGQEsW7wpKNCjG9DtNlClVuFLEZdDNbEs=
golang.org/x/sys v0.0.0-20190916202348-b4ddaad3f8a3/go.mod h1:h1NjWce9XRLGQEsW7wpKNCjG9DtNlClVuFLEZdDNbEs=
golang.org/x/sys v0.0.0-20220715151400-c0bba94af5f8/go.mod h1:oPkhp1MJrh7nUepCBck5+mAzfO9JrbApNNgaTdGDITg=
golang.org/x/sys v0.41.0 h1:Ivj+2Cp/ylzLiEU89QhWblYnOE9zerudt9Ftecq2C6k=
golang.org/x/sys v0.41.0/go.mod h1:OgkHotnGiDImocRcuBABYBEXf8A9a87e/uXjp9XT3ks=
gopkg.in/check.v1 v0.0.0-20161208181325-20d25e280405/go.mod h1:Co6ibVJAznAaIkqp8huTwlJQCZ016jof/cbN4VW5Yz0=
gopkg.in/yaml.v3 v3.0.0-20200313102051-9f266ea9e77c/go.mod h1:K4uyk7z7BCEPqu6E+C64Yfv1cQ7kz7rIZviUmN+EgEM=
gopkg.in/yaml.v3 v3.0.1 h1:fxVm/GzAzEWqLHuvctI91KS9hhNmmWOoWu0XTYJS7CA=
gopkg.in/yaml.v3 v3.0.1/go.mod h1:K4uyk7z7BCEPqu6E+C64Yfv1cQ7kz7rIZviUmN+EgEM=
tinygo.org/x/bluetooth v0.14.0 h1:rrUaT+Fu6O0phGm4Y5UZULL8F7UahOq/JwGAPjJm+V4=
tinygo.org/x/bluetooth v0.14.0/go.mod h1:YnyJRVX09i+wkFeHpXut0b+qHq+T2WwKBRRiF/scANA=
